
Microsoft Visual Studio Solution File, Format Version 12.00
# Visual Studio 15
VisualStudioVersion = 15.0.28307.960
MinimumVisualStudioVersion = 10.0.40219.1
Project("{FAE04EC0-301F-11D3-BF4B-00C04F79EFBC}") = "TradeMaster", "TradeMaster\TradeMaster.csproj", "{9317B00A-4A88-4FC0-9734-555C0259FE2D}"
EndProject
Global
	GlobalSection(SolutionConfigurationPlatforms) = preSolution
		Debug|Any CPU = Debug|Any CPU
		Release|Any CPU = Release|Any CPU
	EndGlobalSection
	GlobalSection(ProjectConfigurationPlatforms) = postSolution
		{9317B00A-4A88-4FC0-9734-555C0259FE2D}.Debug|Any CPU.ActiveCfg = Debug|Any CPU
		{9317B00A-4A88-4FC0-9734-555C0259FE2D}.Debug|Any CPU.Build.0 = Debug|Any CPU
		{9317B00A-4A88-4FC0-9734-555C0259FE2D}.Release|Any CPU.ActiveCfg = Release|Any CPU
		{9317B00A-4A88-4FC0-9734-555C0259FE2D}.Release|Any CPU.Build.0 = Release|Any CPU
	EndGlobalSection
	GlobalSection(SolutionProperties) = preSolution
		HideSolutionNode = FALSE
	EndGlobalSection
	GlobalSection(ExtensibilityGlobals) = postSolution
		SolutionGuid = {EA34E499-258E-45E6-9A2D-359B16A98E27}
	EndGlobalSection
EndGlobal
